
Microsoft Visual Studio Solution File, Format Version 12.00
# Visual Studio 14
VisualStudioVersion = 14.0.25420.1
MinimumVisualStudioVersion = 10.0.40219.1
Project("{FAE04EC0-301F-11D3-BF4B-00C04F79EFBC}") = "SimpleCRUD", "SimpleCRUD\SimpleCRUD.csproj", "{C19FB328-0101-4FBB-84DE-3D7FCF8E75EB}"
EndProject
Global
	GlobalSection(SolutionConfigurationPlatforms) = preSolution
		Debug|Any CPU = Debug|Any CPU
		Release|Any CPU = Release|Any CPU
	EndGlobalSection
	GlobalSection(ProjectConfigurationPlatforms) = postSolution
		{C19FB328-0101-4FBB-84DE-3D7FCF8E75EB}.Debug|Any CPU.ActiveCfg = Debug|Any CPU
		{C19FB328-0101-4FBB-84DE-3D7FCF8E75EB}.Debug|Any CPU.Build.0 = Debug|Any CPU
		{C19FB328-0101-4FBB-84DE-3D7FCF8E75EB}.Release|Any CPU.ActiveCfg = Release|Any CPU
		{C19FB328-0101-4FBB-84DE-3D7FCF8E75EB}.Release|Any CPU.Build.0 = Release|Any CPU
	EndGlobalSection
	GlobalSection(SolutionProperties) = preSolution
		HideSolutionNode = FALSE
	EndGlobalSection
EndGlobal
